
Microsoft Visual Studio Solution File, Format Version 12.00
# Visual Studio Version 17
VisualStudioVersion = 17.3.32929.385
MinimumVisualStudioVersion = 10.0.40219.1
Project("{9A19103F-16F7-4668-BE54-9A1E7A4F7556}") = "PureProxy", "PureProxy\PureProxy.csproj", "{CA0468A2-FF83-48BB-BA51-F985DE964BF3}"
EndProject
Project("{9A19103F-16F7-4668-BE54-9A1E7A4F7556}") = "PureProxyTests", "PureProxyTests\PureProxyTests.csproj", "{8C102B0F-4D9E-41A7-A185-DC8ED241F319}"
EndProject
Global
	GlobalSection(SolutionConfigurationPlatforms) = preSolution
		Debug|Any CPU = Debug|Any CPU
		Release|Any CPU = Release|Any CPU
	EndGlobalSection
	GlobalSection(ProjectConfigurationPlatforms) = postSolution
		{CA0468A2-FF83-48BB-BA51-F985DE964BF3}.Debug|Any CPU.ActiveCfg = Debug|Any CPU
		{CA0468A2-FF83-48BB-BA51-F985DE964BF3}.Debug|Any CPU.Build.0 = Debug|Any CPU
		{CA0468A2-FF83-48BB-BA51-F985DE964BF3}.Release|Any CPU.ActiveCfg = Release|Any CPU
		{CA0468A2-FF83-48BB-BA51-F985DE964BF3}.Release|Any CPU.Build.0 = Release|Any CPU
		{8C102B0F-4D9E-41A7-A185-DC8ED241F319}.Debug|Any CPU.ActiveCfg = Debug|Any CPU
		{8C102B0F-4D9E-41A7-A185-DC8ED241F319}.Debug|Any CPU.Build.0 = Debug|Any CPU
		{8C102B0F-4D9E-41A7-A185-DC8ED241F319}.Release|Any CPU.ActiveCfg = Release|Any CPU
		{8C102B0F-4D9E-41A7-A185-DC8ED241F319}.Release|Any CPU.Build.0 = Release|Any CPU
	EndGlobalSection
	GlobalSection(SolutionProperties) = preSolution
		HideSolutionNode = FALSE
	EndGlobalSection
	GlobalSection(ExtensibilityGlobals) = postSolution
		SolutionGuid = {691E3DF4-B4A8-4E9D-BC19-57694EB7BCC0}
	EndGlobalSection
EndGlobal
